
Microsoft Visual Studio Solution File, Format Version 12.00
# Visual Studio Version 17
VisualStudioVersion = 17.10.35201.131
MinimumVisualStudioVersion = 10.0.40219.1
Project("{FAE04EC0-301F-11D3-BF4B-00C04F79EFBC}") = "PapaSmurfie", "PapaSmurfie\PapaSmurfie.csproj", "{7C7E7A1E-CE5E-4310-BA98-574842D4D7B6}"
EndProject
Global
	GlobalSection(SolutionConfigurationPlatforms) = preSolution
		Debug|Any CPU = Debug|Any CPU
		Release|Any CPU = Release|Any CPU
	EndGlobalSection
	GlobalSection(ProjectConfigurationPlatforms) = postSolution
		{7C7E7A1E-CE5E-4310-BA98-574842D4D7B6}.Debug|Any CPU.ActiveCfg = Debug|Any CPU
		{7C7E7A1E-CE5E-4310-BA98-574842D4D7B6}.Debug|Any CPU.Build.0 = Debug|Any CPU
		{7C7E7A1E-CE5E-4310-BA98-574842D4D7B6}.Release|Any CPU.ActiveCfg = Release|Any CPU
		{7C7E7A1E-CE5E-4310-BA98-574842D4D7B6}.Release|Any CPU.Build.0 = Release|Any CPU
	EndGlobalSection
	GlobalSection(SolutionProperties) = preSolution
		HideSolutionNode = FALSE
	EndGlobalSection
	GlobalSection(ExtensibilityGlobals) = postSolution
		SolutionGuid = {DD00221F-740E-4424-993E-616F0F303026}
	EndGlobalSection
EndGlobal
